
Microsoft Visual Studio Solution File, Format Version 12.00
# Visual Studio 2013
VisualStudioVersion = 12.0.40629.0
MinimumVisualStudioVersion = 10.0.40219.1
Project("{FAE04EC0-301F-11D3-BF4B-00C04F79EFBC}") = "TermCN50Console", "TermCN50Console\TermCN50Console.csproj", "{525F62E9-7FAB-48B1-97A2-34731D9AA96C}"
EndProject
Project("{FAE04EC0-301F-11D3-BF4B-00C04F79EFBC}") = "TermCN50Lib", "TermCN50Lib\TermCN50Lib.csproj", "{8B5963D0-28F4-43C1-A9C7-357AA107CB18}"
EndProject
Global
	GlobalSection(SolutionConfigurationPlatforms) = preSolution
		Debug|Any CPU = Debug|Any CPU
		Release|Any CPU = Release|Any CPU
	EndGlobalSection
	GlobalSection(ProjectConfigurationPlatforms) = postSolution
		{525F62E9-7FAB-48B1-97A2-34731D9AA96C}.Debug|Any CPU.ActiveCfg = Debug|Any CPU
		{525F62E9-7FAB-48B1-97A2-34731D9AA96C}.Debug|Any CPU.Build.0 = Debug|Any CPU
		{525F62E9-7FAB-48B1-97A2-34731D9AA96C}.Release|Any CPU.ActiveCfg = Release|Any CPU
		{525F62E9-7FAB-48B1-97A2-34731D9AA96C}.Release|Any CPU.Build.0 = Release|Any CPU
		{8B5963D0-28F4-43C1-A9C7-357AA107CB18}.Debug|Any CPU.ActiveCfg = Debug|Any CPU
		{8B5963D0-28F4-43C1-A9C7-357AA107CB18}.Debug|Any CPU.Build.0 = Debug|Any CPU
		{8B5963D0-28F4-43C1-A9C7-357AA107CB18}.Release|Any CPU.ActiveCfg = Release|Any CPU
		{8B5963D0-28F4-43C1-A9C7-357AA107CB18}.Release|Any CPU.Build.0 = Release|Any CPU
	EndGlobalSection
	GlobalSection(SolutionProperties) = preSolution
		HideSolutionNode = FALSE
	EndGlobalSection
EndGlobal
